
Microsoft Visual Studio Solution File, Format Version 12.00
# Visual Studio Version 17
VisualStudioVersion = 17.14.36221.1 d17.14
MinimumVisualStudioVersion = 10.0.40219.1
Project("{FAE04EC0-301F-11D3-BF4B-00C04F79EFBC}") = "WebApplication3", "WebApplication3\WebApplication3.csproj", "{A8A30B70-3A80-4CE9-AA9A-0EF0319DABAC}"
EndProject
Global
	GlobalSection(SolutionConfigurationPlatforms) = preSolution
		Debug|Any CPU = Debug|Any CPU
		Release|Any CPU = Release|Any CPU
	EndGlobalSection
	GlobalSection(ProjectConfigurationPlatforms) = postSolution
		{A8A30B70-3A80-4CE9-AA9A-0EF0319DABAC}.Debug|Any CPU.ActiveCfg = Debug|Any CPU
		{A8A30B70-3A80-4CE9-AA9A-0EF0319DABAC}.Debug|Any CPU.Build.0 = Debug|Any CPU
		{A8A30B70-3A80-4CE9-AA9A-0EF0319DABAC}.Release|Any CPU.ActiveCfg = Release|Any CPU
		{A8A30B70-3A80-4CE9-AA9A-0EF0319DABAC}.Release|Any CPU.Build.0 = Release|Any CPU
	EndGlobalSection
	GlobalSection(SolutionProperties) = preSolution
		HideSolutionNode = FALSE
	EndGlobalSection
	GlobalSection(ExtensibilityGlobals) = postSolution
		SolutionGuid = {A88156E3-584E-498D-93C3-25D991F0D61B}
	EndGlobalSection
EndGlobal
